
Microsoft Visual Studio Solution File, Format Version 12.00
# Visual Studio 15
VisualStudioVersion = 15.0.27703.2026
MinimumVisualStudioVersion = 10.0.40219.1
Project("{FAE04EC0-301F-11D3-BF4B-00C04F79EFBC}") = "LEDForm", "LEDForm\LEDForm.csproj", "{244C8387-0F90-4D63-B851-C85BA9F41D73}"
EndProject
Project("{54435603-DBB4-11D2-8724-00A0C9A8B90C}") = "LEDSetp", "SetupLED\SetupLED.vdproj", "{C14D1221-E63D-4EB7-B5CB-F7A485FB039C}"
EndProject
Global
	GlobalSection(SolutionConfigurationPlatforms) = preSolution
		Debug|Any CPU = Debug|Any CPU
		Release|Any CPU = Release|Any CPU
	EndGlobalSection
	GlobalSection(ProjectConfigurationPlatforms) = postSolution
		{244C8387-0F90-4D63-B851-C85BA9F41D73}.Debug|Any CPU.ActiveCfg = Debug|Any CPU
		{244C8387-0F90-4D63-B851-C85BA9F41D73}.Debug|Any CPU.Build.0 = Debug|Any CPU
		{244C8387-0F90-4D63-B851-C85BA9F41D73}.Release|Any CPU.ActiveCfg = Release|Any CPU
		{244C8387-0F90-4D63-B851-C85BA9F41D73}.Release|Any CPU.Build.0 = Release|Any CPU
		{C14D1221-E63D-4EB7-B5CB-F7A485FB039C}.Debug|Any CPU.ActiveCfg = Debug
		{C14D1221-E63D-4EB7-B5CB-F7A485FB039C}.Release|Any CPU.ActiveCfg = Release
	EndGlobalSection
	GlobalSection(SolutionProperties) = preSolution
		HideSolutionNode = FALSE
	EndGlobalSection
	GlobalSection(ExtensibilityGlobals) = postSolution
		SolutionGuid = {C0EC241B-45D5-424A-9AB9-2BCDF2415E5C}
	EndGlobalSection
EndGlobal
